
Microsoft Visual Studio Solution File, Format Version 12.00
# Visual Studio Version 17
VisualStudioVersion = 17.14.36623.8 d17.14
MinimumVisualStudioVersion = 10.0.40219.1
Project("{FAE04EC0-301F-11D3-BF4B-00C04F79EFBC}") = "team5-a4-noodle-jump", "team5-a4-noodle-jump.csproj", "{2669F9CC-498D-4D24-8A6F-9035A9E9652D}"
EndProject
Global
	GlobalSection(SolutionConfigurationPlatforms) = preSolution
		Debug|Any CPU = Debug|Any CPU
		Release|Any CPU = Release|Any CPU
	EndGlobalSection
	GlobalSection(ProjectConfigurationPlatforms) = postSolution
		{2669F9CC-498D-4D24-8A6F-9035A9E9652D}.Debug|Any CPU.ActiveCfg = Debug|Any CPU
		{2669F9CC-498D-4D24-8A6F-9035A9E9652D}.Debug|Any CPU.Build.0 = Debug|Any CPU
		{2669F9CC-498D-4D24-8A6F-9035A9E9652D}.Release|Any CPU.ActiveCfg = Release|Any CPU
		{2669F9CC-498D-4D24-8A6F-9035A9E9652D}.Release|Any CPU.Build.0 = Release|Any CPU
	EndGlobalSection
	GlobalSection(SolutionProperties) = preSolution
		HideSolutionNode = FALSE
	EndGlobalSection
	GlobalSection(ExtensibilityGlobals) = postSolution
		SolutionGuid = {11EC2343-D257-43EC-90FB-3C9131E98D98}
	EndGlobalSection
EndGlobal
